
Microsoft Visual Studio Solution File, Format Version 12.00
# Visual Studio 15
VisualStudioVersion = 15.0.27703.2018
MinimumVisualStudioVersion = 10.0.40219.1
Project("{8BC9CEB8-8B4A-11D0-8D11-00A0C91BC942}") = "histogram", "histogram\histogram.vcxproj", "{FF3709C4-FD36-429E-88A3-5C9BB176670F}"
EndProject
Global
	GlobalSection(SolutionConfigurationPlatforms) = preSolution
		Debug|x64 = Debug|x64
		Release|x64 = Release|x64
	EndGlobalSection
	GlobalSection(ProjectConfigurationPlatforms) = postSolution
		{FF3709C4-FD36-429E-88A3-5C9BB176670F}.Debug|x64.ActiveCfg = Debug|x64
		{FF3709C4-FD36-429E-88A3-5C9BB176670F}.Debug|x64.Build.0 = Debug|x64
		{FF3709C4-FD36-429E-88A3-5C9BB176670F}.Release|x64.ActiveCfg = Release|x64
		{FF3709C4-FD36-429E-88A3-5C9BB176670F}.Release|x64.Build.0 = Release|x64
	EndGlobalSection
	GlobalSection(SolutionProperties) = preSolution
		HideSolutionNode = FALSE
	EndGlobalSection
	GlobalSection(ExtensibilityGlobals) = postSolution
		SolutionGuid = {9C6E9F63-71DA-47BD-AC3A-914C31F22F59}
	EndGlobalSection
EndGlobal
